symfony 4d8461f243e8bd5c45eff02f85181f7b59c06a6a
twig 037f86aa550737abf633e991f3606b9de5a69657
monolog d348b2c2529f8468ba27189b99d4eed247ebac7c
MonologBundle 289442e385e7c0fe4aa2e8884d11e774a8f9ad99
phing 1fd92c78f14a02b3e1cd9c59c7a08b4cab532d33
propel 3d68575d18ab628371b3e6a4d51419e05c297e23
PropelBundle cb9d7908d869eba3ea0393a745d82ad8cbcefb94
