symfony 9cdc9712b03101320434371d9aea83789200616e
twig 405cbb5be259a3a5cccdb2acc892869a97ae858e
monolog 6c15897ac74bd53572328094eacf03fbb7b8bca7
MonologBundle 289442e385e7c0fe4aa2e8884d11e774a8f9ad99
phing 1fd92c78f14a02b3e1cd9c59c7a08b4cab532d33
propel b7669e350eb0e1fc213d8844dd0b9a598be6bac3
PropelBundle 4754feac83d865fd1d13eeb0043a1a9ab2299e17
